
Microsoft Visual Studio Solution File, Format Version 12.00
# Visual Studio Version 17
VisualStudioVersion = 17.2.32630.192
MinimumVisualStudioVersion = 10.0.40219.1
Project("{FAE04EC0-301F-11D3-BF4B-00C04F79EFBC}") = "FileUploadAPI", "FileUploadAPI\FileUploadAPI.csproj", "{1E584EE7-9C23-4483-A6D0-00C8B34C0699}"
EndProject
Global
	GlobalSection(SolutionConfigurationPlatforms) = preSolution
		Debug|Any CPU = Debug|Any CPU
		Release|Any CPU = Release|Any CPU
	EndGlobalSection
	GlobalSection(ProjectConfigurationPlatforms) = postSolution
		{1E584EE7-9C23-4483-A6D0-00C8B34C0699}.Debug|Any CPU.ActiveCfg = Debug|Any CPU
		{1E584EE7-9C23-4483-A6D0-00C8B34C0699}.Debug|Any CPU.Build.0 = Debug|Any CPU
		{1E584EE7-9C23-4483-A6D0-00C8B34C0699}.Release|Any CPU.ActiveCfg = Release|Any CPU
		{1E584EE7-9C23-4483-A6D0-00C8B34C0699}.Release|Any CPU.Build.0 = Release|Any CPU
	EndGlobalSection
	GlobalSection(SolutionProperties) = preSolution
		HideSolutionNode = FALSE
	EndGlobalSection
	GlobalSection(ExtensibilityGlobals) = postSolution
		SolutionGuid = {64FDA7FA-9D5C-41BD-8AB8-A4F567367E05}
	EndGlobalSection
EndGlobal
